<?xml version="1.0" encoding="utf-8"?>
<Project ToolsVersion="4.0" xmlns="http://schemas.microsoft.com/developer/msbuild/2003">
  <ItemGroup>
    <Filter Include="Source Files">
      <UniqueIdentifier>{4FC737F1-C7A5-4376-A066-2A32D752A2FF}</UniqueIdentifier>
      <Extensions>cpp;c;cc;cxx;def;odl;idl;hpj;bat;asm;asmx</Extensions>
    </Filter>
    <Filter Include="Header Files">
      <UniqueIdentifier>{93995380-89BD-4b04-88EB-625FBE52EBFB}</UniqueIdentifier>
      <Extensions>h;hh;hpp;hxx;hm;inl;inc;ipp;xsd</Extensions>
    </Filter>
    <Filter Include="Resource Files">
      <UniqueIdentifier>{67DA6AB6-F800-4c08-8B7A-83BB121AAD01}</UniqueIdentifier>
      <Extensions>rc;ico;cur;bmp;dlg;rc2;rct;bin;rgs;gif;jpg;jpeg;jpe;resx;tiff;tif;png;wav;mfcribbon-ms</Extensions>
    </Filter>
  </ItemGroup>
  <ItemGroup>
    <ClCompile Include="..\Accounts.cpp">
      <Filter>Source Files</Filter>
    </ClCompile>
    <ClCompile Include="..\Addresses.cpp">
      <Filter>Source Files</Filter>
    </ClCompile>
    <ClCompile Include="..\AssetEncryption.cpp">
      <Filter>Source Files</Filter>
    </ClCompile>
    <ClCompile Include="..\Assets.cpp">
      <Filter>Source Files</Filter>
    </ClCompile>
    <ClCompile Include="..\BDM_mainthread.cpp">
      <Filter>Source Files</Filter>
    </ClCompile>
    <ClCompile Include="..\BDM_Server.cpp">
      <Filter>Source Files</Filter>
    </ClCompile>
    <ClCompile Include="..\BinaryData.cpp">
      <Filter>Source Files</Filter>
    </ClCompile>
    <ClCompile Include="..\BitcoinP2P.cpp">
      <Filter>Source Files</Filter>
    </ClCompile>
    <ClCompile Include="..\Blockchain.cpp">
      <Filter>Source Files</Filter>
    </ClCompile>
    <ClCompile Include="..\BlockchainScanner.cpp">
      <Filter>Source Files</Filter>
    </ClCompile>
    <ClCompile Include="..\BlockchainScanner_Super.cpp">
      <Filter>Source Files</Filter>
    </ClCompile>
    <ClCompile Include="..\BlockDataManagerConfig.cpp">
      <Filter>Source Files</Filter>
    </ClCompile>
    <ClCompile Include="..\BlockDataMap.cpp">
      <Filter>Source Files</Filter>
    </ClCompile>
    <ClCompile Include="..\BlockDataViewer.cpp">
      <Filter>Source Files</Filter>
    </ClCompile>
    <ClCompile Include="..\BlockObj.cpp">
      <Filter>Source Files</Filter>
    </ClCompile>
    <ClCompile Include="..\BlockUtils.cpp">
      <Filter>Source Files</Filter>
    </ClCompile>
    <ClCompile Include="..\BtcUtils.cpp">
      <Filter>Source Files</Filter>
    </ClCompile>
    <ClCompile Include="..\BtcWallet.cpp">
      <Filter>Source Files</Filter>
    </ClCompile>
    <ClCompile Include="..\CoinSelection.cpp">
      <Filter>Source Files</Filter>
    </ClCompile>
    <ClCompile Include="..\DatabaseBuilder.cpp">
      <Filter>Source Files</Filter>
    </ClCompile>
    <ClCompile Include="..\DBUtils.cpp">
      <Filter>Source Files</Filter>
    </ClCompile>
    <ClCompile Include="..\DecryptedDataContainer.cpp">
      <Filter>Source Files</Filter>
    </ClCompile>
    <ClCompile Include="..\DerivationScheme.cpp">
      <Filter>Source Files</Filter>
    </ClCompile>
    <ClCompile Include="..\EncryptionUtils.cpp">
      <Filter>Source Files</Filter>
    </ClCompile>
    <ClCompile Include="..\HistoryPager.cpp">
      <Filter>Source Files</Filter>
    </ClCompile>
    <ClCompile Include="..\JSON_codec.cpp">
      <Filter>Source Files</Filter>
    </ClCompile>
    <ClCompile Include="..\LedgerEntry.cpp">
      <Filter>Source Files</Filter>
    </ClCompile>
    <ClCompile Include="..\lmdb_wrapper.cpp">
      <Filter>Source Files</Filter>
    </ClCompile>
    <ClCompile Include="..\log.cpp">
      <Filter>Source Files</Filter>
    </ClCompile>
    <ClCompile Include="..\nodeRPC.cpp">
      <Filter>Source Files</Filter>
    </ClCompile>
    <ClCompile Include="..\Progress.cpp">
      <Filter>Source Files</Filter>
    </ClCompile>
    <ClCompile Include="..\ReentrantLock.cpp">
      <Filter>Source Files</Filter>
    </ClCompile>
    <ClCompile Include="..\ScrAddrFilter.cpp">
      <Filter>Source Files</Filter>
    </ClCompile>
    <ClCompile Include="..\ScrAddrObj.cpp">
      <Filter>Source Files</Filter>
    </ClCompile>
    <ClCompile Include="..\Script.cpp">
      <Filter>Source Files</Filter>
    </ClCompile>
    <ClCompile Include="..\Server.cpp">
      <Filter>Source Files</Filter>
    </ClCompile>
    <ClCompile Include="..\sighandler.cpp">
      <Filter>Source Files</Filter>
    </ClCompile>
    <ClCompile Include="..\Signer.cpp">
      <Filter>Source Files</Filter>
    </ClCompile>
    <ClCompile Include="..\SocketObject.cpp">
      <Filter>Source Files</Filter>
    </ClCompile>
    <ClCompile Include="..\SshParser.cpp">
      <Filter>Source Files</Filter>
    </ClCompile>
    <ClCompile Include="..\StoredBlockObj.cpp">
      <Filter>Source Files</Filter>
    </ClCompile>
    <ClCompile Include="..\StringSockets.cpp">
      <Filter>Source Files</Filter>
    </ClCompile>
    <ClCompile Include="..\SwigClient.cpp">
      <Filter>Source Files</Filter>
    </ClCompile>
    <ClCompile Include="..\TransactionBatch.cpp">
      <Filter>Source Files</Filter>
    </ClCompile>
    <ClCompile Include="..\Transactions.cpp">
      <Filter>Source Files</Filter>
    </ClCompile>
    <ClCompile Include="..\TxClasses.cpp">
      <Filter>Source Files</Filter>
    </ClCompile>
    <ClCompile Include="..\TxEvalState.cpp">
      <Filter>Source Files</Filter>
    </ClCompile>
    <ClCompile Include="..\txio.cpp">
      <Filter>Source Files</Filter>
    </ClCompile>
    <ClCompile Include="..\UniversalTimer.cpp">
      <Filter>Source Files</Filter>
    </ClCompile>
    <ClCompile Include="..\WalletManager.cpp">
      <Filter>Source Files</Filter>
    </ClCompile>
    <ClCompile Include="..\Wallets.cpp">
      <Filter>Source Files</Filter>
    </ClCompile>
    <ClCompile Include="..\WebSocketClient.cpp">
      <Filter>Source Files</Filter>
    </ClCompile>
    <ClCompile Include="..\WebSocketMessage.cpp">
      <Filter>Source Files</Filter>
    </ClCompile>
    <ClCompile Include="..\Win_TranslatePath.cpp">
      <Filter>Source Files</Filter>
    </ClCompile>
    <ClCompile Include="..\ZeroConf.cpp">
      <Filter>Source Files</Filter>
    </ClCompile>
    <ClCompile Include="..\gtest\WalletTests.cpp">
      <Filter>Source Files</Filter>
    </ClCompile>
    <ClCompile Include="..\gtest\gtest-all.cc">
      <Filter>Source Files</Filter>
    </ClCompile>
    <ClCompile Include="..\gtest\TestUtils.cpp">
      <Filter>Source Files</Filter>
    </ClCompile>
    <ClCompile Include="..\leveldb_windows_port\win32_posix\win32_posix.cc">
      <Filter>Source Files</Filter>
    </ClCompile>
    <ClCompile Include="..\leveldb_windows_port\win32_posix\mman.cpp">
      <Filter>Source Files</Filter>
    </ClCompile>
    <ClCompile Include="..\leveldb_windows_port\win32_posix\dirent_win32.cpp">
      <Filter>Source Files</Filter>
    </ClCompile>
    <ClCompile Include="..\bech32\ref\c++\bech32.cpp">
      <Filter>Source Files</Filter>
    </ClCompile>
    <ClCompile Include="..\bech32\ref\c++\segwit_addr.cpp">
      <Filter>Source Files</Filter>
    </ClCompile>
    <ClCompile Include="..\KDF.cpp">
      <Filter>Source Files</Filter>
    </ClCompile>
    <ClCompile Include="..\SecureBinaryData.cpp">
      <Filter>Source Files</Filter>
    </ClCompile>
    <ClCompile Include="..\BIP32_Node.cpp">
      <Filter>Source Files</Filter>
    </ClCompile>
    <ClCompile Include="..\NetworkConfig.cpp">
      <Filter>Source Files</Filter>
    </ClCompile>
    <ClCompile Include="..\ClientClasses.cpp">
      <Filter>Source Files</Filter>
    </ClCompile>
    <ClCompile Include="..\AsyncClient.cpp">
      <Filter>Source Files</Filter>
    </ClCompile>
    <ClCompile Include="..\HttpMessage.cpp">
      <Filter>Source Files</Filter>
    </ClCompile>
    <ClCompile Include="..\EncryptionUtils_libbtc.cpp">
      <Filter>Source Files</Filter>
    </ClCompile>
    <ClCompile Include="..\AuthorizedPeers.cpp">
      <Filter>Source Files</Filter>
    </ClCompile>
    <ClCompile Include="..\BIP150_151.cpp">
      <Filter>Source Files</Filter>
    </ClCompile>
    <ClCompile Include="..\chacha20poly1305\chacha.c">
      <Filter>Source Files</Filter>
    </ClCompile>
    <ClCompile Include="..\chacha20poly1305\chachapoly_aead.c">
      <Filter>Source Files</Filter>
    </ClCompile>
    <ClCompile Include="..\chacha20poly1305\poly1305.c">
      <Filter>Source Files</Filter>
    </ClCompile>
    <ClCompile Include="..\hkdf.cpp">
      <Filter>Source Files</Filter>
    </ClCompile>
    <ClCompile Include="..\ScriptRecipient.cpp">
      <Filter>Source Files</Filter>
    </ClCompile>
  </ItemGroup>
  <ItemGroup>
    <ClInclude Include="..\Accounts.h">
      <Filter>Header Files</Filter>
    </ClInclude>
    <ClInclude Include="..\Addresses.h">
      <Filter>Header Files</Filter>
    </ClInclude>
    <ClInclude Include="..\AssetEncryption.h">
      <Filter>Header Files</Filter>
    </ClInclude>
    <ClInclude Include="..\Assets.h">
      <Filter>Header Files</Filter>
    </ClInclude>
    <ClInclude Include="..\BDM_mainthread.h">
      <Filter>Header Files</Filter>
    </ClInclude>
    <ClInclude Include="..\BDM_seder.h">
      <Filter>Header Files</Filter>
    </ClInclude>
    <ClInclude Include="..\BDM_Server.h">
      <Filter>Header Files</Filter>
    </ClInclude>
    <ClInclude Include="..\bdmenums.h">
      <Filter>Header Files</Filter>
    </ClInclude>
    <ClInclude Include="..\BDV_Notification.h">
      <Filter>Header Files</Filter>
    </ClInclude>
    <ClInclude Include="..\BinaryData.h">
      <Filter>Header Files</Filter>
    </ClInclude>
    <ClInclude Include="..\BIP32_Serialization.h">
      <Filter>Header Files</Filter>
    </ClInclude>
    <ClInclude Include="..\BitcoinP2p.h">
      <Filter>Header Files</Filter>
    </ClInclude>
    <ClInclude Include="..\Blockchain.h">
      <Filter>Header Files</Filter>
    </ClInclude>
    <ClInclude Include="..\BlockchainScanner.h">
      <Filter>Header Files</Filter>
    </ClInclude>
    <ClInclude Include="..\BlockchainScanner_Super.h">
      <Filter>Header Files</Filter>
    </ClInclude>
    <ClInclude Include="..\BlockDataManagerConfig.h">
      <Filter>Header Files</Filter>
    </ClInclude>
    <ClInclude Include="..\BlockDataMap.h">
      <Filter>Header Files</Filter>
    </ClInclude>
    <ClInclude Include="..\BlockDataViewer.h">
      <Filter>Header Files</Filter>
    </ClInclude>
    <ClInclude Include="..\BlockObj.h">
      <Filter>Header Files</Filter>
    </ClInclude>
    <ClInclude Include="..\BlockUtils.h">
      <Filter>Header Files</Filter>
    </ClInclude>
    <ClInclude Include="..\BtcUtils.h">
      <Filter>Header Files</Filter>
    </ClInclude>
    <ClInclude Include="..\BtcWallet.h">
      <Filter>Header Files</Filter>
    </ClInclude>
    <ClInclude Include="..\CoinSelection.h">
      <Filter>Header Files</Filter>
    </ClInclude>
    <ClInclude Include="..\CppBlockUtils_wrap.h">
      <Filter>Header Files</Filter>
    </ClInclude>
    <ClInclude Include="..\DatabaseBuilder.h">
      <Filter>Header Files</Filter>
    </ClInclude>
    <ClInclude Include="..\DataObject.h">
      <Filter>Header Files</Filter>
    </ClInclude>
    <ClInclude Include="..\DbHeader.h">
      <Filter>Header Files</Filter>
    </ClInclude>
    <ClInclude Include="..\DBUtils.h">
      <Filter>Header Files</Filter>
    </ClInclude>
    <ClInclude Include="..\DecryptedDataContainer.h">
      <Filter>Header Files</Filter>
    </ClInclude>
    <ClInclude Include="..\DerivationScheme.h">
      <Filter>Header Files</Filter>
    </ClInclude>
    <ClInclude Include="..\EncryptionUtils.h">
      <Filter>Header Files</Filter>
    </ClInclude>
    <ClInclude Include="..\FcgiMessage.h">
      <Filter>Header Files</Filter>
    </ClInclude>
    <ClInclude Include="..\HistoryPager.h">
      <Filter>Header Files</Filter>
    </ClInclude>
    <ClInclude Include="..\JSON_codec.h">
      <Filter>Header Files</Filter>
    </ClInclude>
    <ClInclude Include="..\LedgerEntry.h">
      <Filter>Header Files</Filter>
    </ClInclude>
    <ClInclude Include="..\LedgerEntryData.h">
      <Filter>Header Files</Filter>
    </ClInclude>
    <ClInclude Include="..\lmdb_wrapper.h">
      <Filter>Header Files</Filter>
    </ClInclude>
    <ClInclude Include="..\log.h">
      <Filter>Header Files</Filter>
    </ClInclude>
    <ClInclude Include="..\make_unique.h">
      <Filter>Header Files</Filter>
    </ClInclude>
    <ClInclude Include="..\nodeRPC.h">
      <Filter>Header Files</Filter>
    </ClInclude>
    <ClInclude Include="..\OS_TranslatePath.h">
      <Filter>Header Files</Filter>
    </ClInclude>
    <ClInclude Include="..\PartialMerkle.h">
      <Filter>Header Files</Filter>
    </ClInclude>
    <ClInclude Include="..\Progress.h">
      <Filter>Header Files</Filter>
    </ClInclude>
    <ClInclude Include="..\ReentrantLock.h">
      <Filter>Header Files</Filter>
    </ClInclude>
    <ClInclude Include="..\ScrAddrFilter.h">
      <Filter>Header Files</Filter>
    </ClInclude>
    <ClInclude Include="..\ScrAddrObj.h">
      <Filter>Header Files</Filter>
    </ClInclude>
    <ClInclude Include="..\Script.h">
      <Filter>Header Files</Filter>
    </ClInclude>
    <ClInclude Include="..\ScriptRecipient.h">
      <Filter>Header Files</Filter>
    </ClInclude>
    <ClInclude Include="..\Server.h">
      <Filter>Header Files</Filter>
    </ClInclude>
    <ClInclude Include="..\SigHashEnum.h">
      <Filter>Header Files</Filter>
    </ClInclude>
    <ClInclude Include="..\Signer.h">
      <Filter>Header Files</Filter>
    </ClInclude>
    <ClInclude Include="..\SocketIncludes.h">
      <Filter>Header Files</Filter>
    </ClInclude>
    <ClInclude Include="..\SocketObject.h">
      <Filter>Header Files</Filter>
    </ClInclude>
    <ClInclude Include="..\SshParser.h">
      <Filter>Header Files</Filter>
    </ClInclude>
    <ClInclude Include="..\StoredBlockObj.h">
      <Filter>Header Files</Filter>
    </ClInclude>
    <ClInclude Include="..\StringSockets.h">
      <Filter>Header Files</Filter>
    </ClInclude>
    <ClInclude Include="..\SwigClient.h">
      <Filter>Header Files</Filter>
    </ClInclude>
    <ClInclude Include="..\ThreadSafeClasses.h">
      <Filter>Header Files</Filter>
    </ClInclude>
    <ClInclude Include="..\TransactionBatch.h">
      <Filter>Header Files</Filter>
    </ClInclude>
    <ClInclude Include="..\Transactions.h">
      <Filter>Header Files</Filter>
    </ClInclude>
    <ClInclude Include="..\TxClasses.h">
      <Filter>Header Files</Filter>
    </ClInclude>
    <ClInclude Include="..\TxEvalState.h">
      <Filter>Header Files</Filter>
    </ClInclude>
    <ClInclude Include="..\txio.h">
      <Filter>Header Files</Filter>
    </ClInclude>
    <ClInclude Include="..\TxOutScrRef.h">
      <Filter>Header Files</Filter>
    </ClInclude>
    <ClInclude Include="..\UniversalTimer.h">
      <Filter>Header Files</Filter>
    </ClInclude>
    <ClInclude Include="..\util.h">
      <Filter>Header Files</Filter>
    </ClInclude>
    <ClInclude Include="..\WalletManager.h">
      <Filter>Header Files</Filter>
    </ClInclude>
    <ClInclude Include="..\Wallets.h">
      <Filter>Header Files</Filter>
    </ClInclude>
    <ClInclude Include="..\WebSocketClient.h">
      <Filter>Header Files</Filter>
    </ClInclude>
    <ClInclude Include="..\WebSocketMessage.h">
      <Filter>Header Files</Filter>
    </ClInclude>
    <ClInclude Include="..\Win_TranslatePath.h">
      <Filter>Header Files</Filter>
    </ClInclude>
    <ClInclude Include="..\ZeroConf.h">
      <Filter>Header Files</Filter>
    </ClInclude>
  </ItemGroup>
</Project>